
Microsoft Visual Studio Solution File, Format Version 12.00
# Visual Studio Version 17
VisualStudioVersion = 17.0.31903.59
MinimumVisualStudioVersion = 10.0.40219.1
Project("{FAE04EC0-301F-11D3-BF4B-00C04F79EFBC}") = "ConsoleApp", "ConsoleApp\ConsoleApp.csproj", "{337B2EE8-028D-4A46-B374-6BDBEC1D2596}"
EndProject
Project("{FAE04EC0-301F-11D3-BF4B-00C04F79EFBC}") = "Model", "Model\Model.csproj", "{F7B0B542-C49E-43ED-AD21-B30C159E8EB0}"
EndProject
Project("{FAE04EC0-301F-11D3-BF4B-00C04F79EFBC}") = "UnitTests", "UnitTests\UnitTests.csproj", "{01FD8084-F665-4CB9-A51C-30D9AA13E7A2}"
EndProject
Global
	GlobalSection(SolutionConfigurationPlatforms) = preSolution
		Debug|Any CPU = Debug|Any CPU
		Debug|x64 = Debug|x64
		Debug|x86 = Debug|x86
		Release|Any CPU = Release|Any CPU
		Release|x64 = Release|x64
		Release|x86 = Release|x86
	EndGlobalSection
	GlobalSection(ProjectConfigurationPlatforms) = postSolution
		{337B2EE8-028D-4A46-B374-6BDBEC1D2596}.Debug|Any CPU.ActiveCfg = Debug|Any CPU
		{337B2EE8-028D-4A46-B374-6BDBEC1D2596}.Debug|Any CPU.Build.0 = Debug|Any CPU
		{337B2EE8-028D-4A46-B374-6BDBEC1D2596}.Debug|x64.ActiveCfg = Debug|Any CPU
		{337B2EE8-028D-4A46-B374-6BDBEC1D2596}.Debug|x64.Build.0 = Debug|Any CPU
		{337B2EE8-028D-4A46-B374-6BDBEC1D2596}.Debug|x86.ActiveCfg = Debug|Any CPU
		{337B2EE8-028D-4A46-B374-6BDBEC1D2596}.Debug|x86.Build.0 = Debug|Any CPU
		{337B2EE8-028D-4A46-B374-6BDBEC1D2596}.Release|Any CPU.ActiveCfg = Release|Any CPU
		{337B2EE8-028D-4A46-B374-6BDBEC1D2596}.Release|Any CPU.Build.0 = Release|Any CPU
		{337B2EE8-028D-4A46-B374-6BDBEC1D2596}.Release|x64.ActiveCfg = Release|Any CPU
		{337B2EE8-028D-4A46-B374-6BDBEC1D2596}.Release|x64.Build.0 = Release|Any CPU
		{337B2EE8-028D-4A46-B374-6BDBEC1D2596}.Release|x86.ActiveCfg = Release|Any CPU
		{337B2EE8-028D-4A46-B374-6BDBEC1D2596}.Release|x86.Build.0 = Release|Any CPU
		{F7B0B542-C49E-43ED-AD21-B30C159E8EB0}.Debug|Any CPU.ActiveCfg = Debug|Any CPU
		{F7B0B542-C49E-43ED-AD21-B30C159E8EB0}.Debug|Any CPU.Build.0 = Debug|Any CPU
		{F7B0B542-C49E-43ED-AD21-B30C159E8EB0}.Debug|x64.ActiveCfg = Debug|Any CPU
		{F7B0B542-C49E-43ED-AD21-B30C159E8EB0}.Debug|x64.Build.0 = Debug|Any CPU
		{F7B0B542-C49E-43ED-AD21-B30C159E8EB0}.Debug|x86.ActiveCfg = Debug|Any CPU
		{F7B0B542-C49E-43ED-AD21-B30C159E8EB0}.Debug|x86.Build.0 = Debug|Any CPU
		{F7B0B542-C49E-43ED-AD21-B30C159E8EB0}.Release|Any CPU.ActiveCfg = Release|Any CPU
		{F7B0B542-C49E-43ED-AD21-B30C159E8EB0}.Release|Any CPU.Build.0 = Release|Any CPU
		{F7B0B542-C49E-43ED-AD21-B30C159E8EB0}.Release|x64.ActiveCfg = Release|Any CPU
		{F7B0B542-C49E-43ED-AD21-B30C159E8EB0}.Release|x64.Build.0 = Release|Any CPU
		{F7B0B542-C49E-43ED-AD21-B30C159E8EB0}.Release|x86.ActiveCfg = Release|Any CPU
		{F7B0B542-C49E-43ED-AD21-B30C159E8EB0}.Release|x86.Build.0 = Release|Any CPU
		{01FD8084-F665-4CB9-A51C-30D9AA13E7A2}.Debug|Any CPU.ActiveCfg = Debug|Any CPU
		{01FD8084-F665-4CB9-A51C-30D9AA13E7A2}.Debug|Any CPU.Build.0 = Debug|Any CPU
		{01FD8084-F665-4CB9-A51C-30D9AA13E7A2}.Debug|x64.ActiveCfg = Debug|Any CPU
		{01FD8084-F665-4CB9-A51C-30D9AA13E7A2}.Debug|x64.Build.0 = Debug|Any CPU
		{01FD8084-F665-4CB9-A51C-30D9AA13E7A2}.Debug|x86.ActiveCfg = Debug|Any CPU
		{01FD8084-F665-4CB9-A51C-30D9AA13E7A2}.Debug|x86.Build.0 = Debug|Any CPU
		{01FD8084-F665-4CB9-A51C-30D9AA13E7A2}.Release|Any CPU.ActiveCfg = Release|Any CPU
		{01FD8084-F665-4CB9-A51C-30D9AA13E7A2}.Release|Any CPU.Build.0 = Release|Any CPU
		{01FD8084-F665-4CB9-A51C-30D9AA13E7A2}.Release|x64.ActiveCfg = Release|Any CPU
		{01FD8084-F665-4CB9-A51C-30D9AA13E7A2}.Release|x64.Build.0 = Release|Any CPU
		{01FD8084-F665-4CB9-A51C-30D9AA13E7A2}.Release|x86.ActiveCfg = Release|Any CPU
		{01FD8084-F665-4CB9-A51C-30D9AA13E7A2}.Release|x86.Build.0 = Release|Any CPU
	EndGlobalSection
	GlobalSection(SolutionProperties) = preSolution
		HideSolutionNode = FALSE
	EndGlobalSection
EndGlobal
