
Microsoft Visual Studio Solution File, Format Version 12.00
# Visual Studio Version 17
VisualStudioVersion = 17.13.35913.81 d17.13
MinimumVisualStudioVersion = 10.0.40219.1
Project("{FAE04EC0-301F-11D3-BF4B-00C04F79EFBC}") = "DuckAndCoverApp", "DuckAndCoverApp.csproj", "{DD8FD26A-3B40-5F1D-E939-386EDC39D222}"
EndProject
Global
	GlobalSection(SolutionConfigurationPlatforms) = preSolution
		Debug|Any CPU = Debug|Any CPU
		Release|Any CPU = Release|Any CPU
	EndGlobalSection
	GlobalSection(ProjectConfigurationPlatforms) = postSolution
		{DD8FD26A-3B40-5F1D-E939-386EDC39D222}.Debug|Any CPU.ActiveCfg = Debug|Any CPU
		{DD8FD26A-3B40-5F1D-E939-386EDC39D222}.Debug|Any CPU.Build.0 = Debug|Any CPU
		{DD8FD26A-3B40-5F1D-E939-386EDC39D222}.Debug|Any CPU.Deploy.0 = Debug|Any CPU
		{DD8FD26A-3B40-5F1D-E939-386EDC39D222}.Release|Any CPU.ActiveCfg = Release|Any CPU
		{DD8FD26A-3B40-5F1D-E939-386EDC39D222}.Release|Any CPU.Build.0 = Release|Any CPU
		{DD8FD26A-3B40-5F1D-E939-386EDC39D222}.Release|Any CPU.Deploy.0 = Release|Any CPU
	EndGlobalSection
	GlobalSection(SolutionProperties) = preSolution
		HideSolutionNode = FALSE
	EndGlobalSection
	GlobalSection(ExtensibilityGlobals) = postSolution
		SolutionGuid = {EAF2415A-7C2D-41C2-B844-E967D3A9FA0A}
	EndGlobalSection
EndGlobal
